
Microsoft Visual Studio Solution File, Format Version 12.00
# Visual Studio Version 17
VisualStudioVersion = 17.13.35931.197
MinimumVisualStudioVersion = 10.0.40219.1
Project("{FAE04EC0-301F-11D3-BF4B-00C04F79EFBC}") = "AdminApp", "AdminApp\AdminApp.csproj", "{D643CE6C-8ACB-49AD-AE88-6134BBD766EB}"
EndProject
Project("{FAE04EC0-301F-11D3-BF4B-00C04F79EFBC}") = "UserApp", "UserApp\UserApp.csproj", "{CEB9D5AD-0534-3ED1-4698-514FF832F948}"
EndProject
Global
	GlobalSection(SolutionConfigurationPlatforms) = preSolution
		Debug|Any CPU = Debug|Any CPU
		Release|Any CPU = Release|Any CPU
	EndGlobalSection
	GlobalSection(ProjectConfigurationPlatforms) = postSolution
		{D643CE6C-8ACB-49AD-AE88-6134BBD766EB}.Debug|Any CPU.ActiveCfg = Debug|Any CPU
		{D643CE6C-8ACB-49AD-AE88-6134BBD766EB}.Debug|Any CPU.Build.0 = Debug|Any CPU
		{D643CE6C-8ACB-49AD-AE88-6134BBD766EB}.Release|Any CPU.ActiveCfg = Release|Any CPU
		{D643CE6C-8ACB-49AD-AE88-6134BBD766EB}.Release|Any CPU.Build.0 = Release|Any CPU
		{CEB9D5AD-0534-3ED1-4698-514FF832F948}.Debug|Any CPU.ActiveCfg = Debug|Any CPU
		{CEB9D5AD-0534-3ED1-4698-514FF832F948}.Debug|Any CPU.Build.0 = Debug|Any CPU
		{CEB9D5AD-0534-3ED1-4698-514FF832F948}.Release|Any CPU.ActiveCfg = Release|Any CPU
		{CEB9D5AD-0534-3ED1-4698-514FF832F948}.Release|Any CPU.Build.0 = Release|Any CPU
	EndGlobalSection
	GlobalSection(SolutionProperties) = preSolution
		HideSolutionNode = FALSE
	EndGlobalSection
	GlobalSection(ExtensibilityGlobals) = postSolution
		SolutionGuid = {48971517-437B-4E03-B026-34B650C45844}
	EndGlobalSection
EndGlobal
